
Microsoft Visual Studio Solution File, Format Version 12.00
# Visual Studio Version 17
VisualStudioVersion = 17.7.34221.43
MinimumVisualStudioVersion = 10.0.40219.1
Project("{FAE04EC0-301F-11D3-BF4B-00C04F79EFBC}") = "ManagementSystem", "ManagementSystem\ManagementSystem.csproj", "{9C7E72FE-BFAA-4F19-BA9B-88D123BB038B}"
EndProject
Global
	GlobalSection(SolutionConfigurationPlatforms) = preSolution
		Debug|Any CPU = Debug|Any CPU
		Release|Any CPU = Release|Any CPU
	EndGlobalSection
	GlobalSection(ProjectConfigurationPlatforms) = postSolution
		{9C7E72FE-BFAA-4F19-BA9B-88D123BB038B}.Debug|Any CPU.ActiveCfg = Debug|Any CPU
		{9C7E72FE-BFAA-4F19-BA9B-88D123BB038B}.Debug|Any CPU.Build.0 = Debug|Any CPU
		{9C7E72FE-BFAA-4F19-BA9B-88D123BB038B}.Release|Any CPU.ActiveCfg = Release|Any CPU
		{9C7E72FE-BFAA-4F19-BA9B-88D123BB038B}.Release|Any CPU.Build.0 = Release|Any CPU
	EndGlobalSection
	GlobalSection(SolutionProperties) = preSolution
		HideSolutionNode = FALSE
	EndGlobalSection
	GlobalSection(ExtensibilityGlobals) = postSolution
		SolutionGuid = {BF9A46F5-F3D7-497E-A276-2BBC814D294E}
	EndGlobalSection
EndGlobal
